{
  "lockfileVersion": 1,
  "configVersion": 1,
  "workspaces": {
    "": {
      "name": "server",
      "dependencies": {
        "@auth/core": "^0.37.4",
        "@convex-dev/auth": "^0.0.90",
        "convex": "^1.31.7",
      },
      "devDependencies": {
        "@types/bun": "latest",
      },
      "peerDependencies": {
        "typescript": "^5",
      },
    },
  },
  "packages": {
    "@auth/core": ["@auth/core@0.37.4", "", { "dependencies": { "@panva/hkdf": "^1.2.1", "jose": "^5.9.6", "oauth4webapi": "^3.1.1", "preact": "10.24.3", "preact-render-to-string": "6.5.11" }, "peerDependencies": { "@simplewebauthn/browser": "^9.0.1", "@simplewebauthn/server": "^9.0.2", "nodemailer": "^6.8.0" }, "optionalPeers": ["@simplewebauthn/browser", "@simplewebauthn/server", "nodemailer"] }, "sha512-HOXJwXWXQRhbBDHlMU0K/6FT1v+wjtzdKhsNg0ZN7/gne6XPsIrjZ4daMcFnbq0Z/vsAbYBinQhhua0d77v7qw=="],

    "@convex-dev/auth": ["@convex-dev/auth@0.0.90", "", { "dependencies": { "@oslojs/crypto": "^1.0.1", "@oslojs/encoding": "^1.1.0", "cookie": "^1.0.1", "is-network-error": "^1.1.0", "jose": "^5.2.2", "jwt-decode": "^4.0.0", "lucia": "^3.2.0", "oauth4webapi": "^3.1.2", "path-to-regexp": "^6.3.0", "server-only": "^0.0.1" }, "peerDependencies": { "@auth/core": "^0.37.0", "convex": "^1.17.0", "react": "^18.2.0 || ^19.0.0-0" }, "optionalPeers": ["react"], "bin": { "auth": "dist/bin.cjs" } }, "sha512-aqw88EB042HvnaF4wcf/f/wTocmT2Bus2VDQRuV79cM0+8kORM0ICK/ByZ6XsHgQ9qr6TmidNbXm6QAgndrdpQ=="],

    "@esbuild/aix-ppc64": ["@esbuild/aix-ppc64@0.27.0", "", { "os": "aix", "cpu": "ppc64" }, "sha512-KuZrd2hRjz01y5JK9mEBSD3Vj3mbCvemhT466rSuJYeE/hjuBrHfjjcjMdTm/sz7au+++sdbJZJmuBwQLuw68A=="],

    "@esbuild/android-arm": ["@esbuild/android-arm@0.27.0", "", { "os": "android", "cpu": "arm" }, "sha512-j67aezrPNYWJEOHUNLPj9maeJte7uSMM6gMoxfPC9hOg8N02JuQi/T7ewumf4tNvJadFkvLZMlAq73b9uwdMyQ=="],

    "@esbuild/android-arm64": ["@esbuild/android-arm64@0.27.0", "", { "os": "android", "cpu": "arm64" }, "sha512-CC3vt4+1xZrs97/PKDkl0yN7w8edvU2vZvAFGD16n9F0Cvniy5qvzRXjfO1l94efczkkQE6g1x0i73Qf5uthOQ=="],

    "@esbuild/android-x64": ["@esbuild/android-x64@0.27.0", "", { "os": "android", "cpu": "x64" }, "sha512-wurMkF1nmQajBO1+0CJmcN17U4BP6GqNSROP8t0X/Jiw2ltYGLHpEksp9MpoBqkrFR3kv2/te6Sha26k3+yZ9Q=="],

    "@esbuild/darwin-arm64": ["@esbuild/darwin-arm64@0.27.0", "", { "os": "darwin", "cpu": "arm64" }, "sha512-uJOQKYCcHhg07DL7i8MzjvS2LaP7W7Pn/7uA0B5S1EnqAirJtbyw4yC5jQ5qcFjHK9l6o/MX9QisBg12kNkdHg=="],

    "@esbuild/darwin-x64": ["@esbuild/darwin-x64@0.27.0", "", { "os": "darwin", "cpu": "x64" }, "sha512-8mG6arH3yB/4ZXiEnXof5MK72dE6zM9cDvUcPtxhUZsDjESl9JipZYW60C3JGreKCEP+p8P/72r69m4AZGJd5g=="],

    "@esbuild/freebsd-arm64": ["@esbuild/freebsd-arm64@0.27.0", "", { "os": "freebsd", "cpu": "arm64" }, "sha512-9FHtyO988CwNMMOE3YIeci+UV+x5Zy8fI2qHNpsEtSF83YPBmE8UWmfYAQg6Ux7Gsmd4FejZqnEUZCMGaNQHQw=="],

    "@esbuild/freebsd-x64": ["@esbuild/freebsd-x64@0.27.0", "", { "os": "freebsd", "cpu": "x64" }, "sha512-zCMeMXI4HS/tXvJz8vWGexpZj2YVtRAihHLk1imZj4efx1BQzN76YFeKqlDr3bUWI26wHwLWPd3rwh6pe4EV7g=="],

    "@esbuild/linux-arm": ["@esbuild/linux-arm@0.27.0", "", { "os": "linux", "cpu": "arm" }, "sha512-t76XLQDpxgmq2cNXKTVEB7O7YMb42atj2Re2Haf45HkaUpjM2J0UuJZDuaGbPbamzZ7bawyGFUkodL+zcE+jvQ=="],

    "@esbuild/linux-arm64": ["@esbuild/linux-arm64@0.27.0", "", { "os": "linux", "cpu": "arm64" }, "sha512-AS18v0V+vZiLJyi/4LphvBE+OIX682Pu7ZYNsdUHyUKSoRwdnOsMf6FDekwoAFKej14WAkOef3zAORJgAtXnlQ=="],

    "@esbuild/linux-ia32": ["@esbuild/linux-ia32@0.27.0", "", { "os": "linux", "cpu": "ia32" }, "sha512-Mz1jxqm/kfgKkc/KLHC5qIujMvnnarD9ra1cEcrs7qshTUSksPihGrWHVG5+osAIQ68577Zpww7SGapmzSt4Nw=="],

    "@esbuild/linux-loong64": ["@esbuild/linux-loong64@0.27.0", "", { "os": "linux", "cpu": "none" }, "sha512-QbEREjdJeIreIAbdG2hLU1yXm1uu+LTdzoq1KCo4G4pFOLlvIspBm36QrQOar9LFduavoWX2msNFAAAY9j4BDg=="],

    "@esbuild/linux-mips64el": ["@esbuild/linux-mips64el@0.27.0", "", { "os": "linux", "cpu": "none" }, "sha512-sJz3zRNe4tO2wxvDpH/HYJilb6+2YJxo/ZNbVdtFiKDufzWq4JmKAiHy9iGoLjAV7r/W32VgaHGkk35cUXlNOg=="],

    "@esbuild/linux-ppc64": ["@esbuild/linux-ppc64@0.27.0", "", { "os": "linux", "cpu": "ppc64" }, "sha512-z9N10FBD0DCS2dmSABDBb5TLAyF1/ydVb+N4pi88T45efQ/w4ohr/F/QYCkxDPnkhkp6AIpIcQKQ8F0ANoA2JA=="],

    "@esbuild/linux-riscv64": ["@esbuild/linux-riscv64@0.27.0", "", { "os": "linux", "cpu": "none" }, "sha512-pQdyAIZ0BWIC5GyvVFn5awDiO14TkT/19FTmFcPdDec94KJ1uZcmFs21Fo8auMXzD4Tt+diXu1LW1gHus9fhFQ=="],

    "@esbuild/linux-s390x": ["@esbuild/linux-s390x@0.27.0", "", { "os": "linux", "cpu": "s390x" }, "sha512-hPlRWR4eIDDEci953RI1BLZitgi5uqcsjKMxwYfmi4LcwyWo2IcRP+lThVnKjNtk90pLS8nKdroXYOqW+QQH+w=="],

    "@esbuild/linux-x64": ["@esbuild/linux-x64@0.27.0", "", { "os": "linux", "cpu": "x64" }, "sha512-1hBWx4OUJE2cab++aVZ7pObD6s+DK4mPGpemtnAORBvb5l/g5xFGk0vc0PjSkrDs0XaXj9yyob3d14XqvnQ4gw=="],

    "@esbuild/netbsd-arm64": ["@esbuild/netbsd-arm64@0.27.0", "", { "os": "none", "cpu": "arm64" }, "sha512-6m0sfQfxfQfy1qRuecMkJlf1cIzTOgyaeXaiVaaki8/v+WB+U4hc6ik15ZW6TAllRlg/WuQXxWj1jx6C+dfy3w=="],

    "@esbuild/netbsd-x64": ["@esbuild/netbsd-x64@0.27.0", "", { "os": "none", "cpu": "x64" }, "sha512-xbbOdfn06FtcJ9d0ShxxvSn2iUsGd/lgPIO2V3VZIPDbEaIj1/3nBBe1AwuEZKXVXkMmpr6LUAgMkLD/4D2PPA=="],

    "@esbuild/openbsd-arm64": ["@esbuild/openbsd-arm64@0.27.0", "", { "os": "openbsd", "cpu": "arm64" }, "sha512-fWgqR8uNbCQ/GGv0yhzttj6sU/9Z5/Sv/VGU3F5OuXK6J6SlriONKrQ7tNlwBrJZXRYk5jUhuWvF7GYzGguBZQ=="],

    "@esbuild/openbsd-x64": ["@esbuild/openbsd-x64@0.27.0", "", { "os": "openbsd", "cpu": "x64" }, "sha512-aCwlRdSNMNxkGGqQajMUza6uXzR/U0dIl1QmLjPtRbLOx3Gy3otfFu/VjATy4yQzo9yFDGTxYDo1FfAD9oRD2A=="],

    "@esbuild/openharmony-arm64": ["@esbuild/openharmony-arm64@0.27.0", "", { "os": "none", "cpu": "arm64" }, "sha512-nyvsBccxNAsNYz2jVFYwEGuRRomqZ149A39SHWk4hV0jWxKM0hjBPm3AmdxcbHiFLbBSwG6SbpIcUbXjgyECfA=="],

    "@esbuild/sunos-x64": ["@esbuild/sunos-x64@0.27.0", "", { "os": "sunos", "cpu": "x64" }, "sha512-Q1KY1iJafM+UX6CFEL+F4HRTgygmEW568YMqDA5UV97AuZSm21b7SXIrRJDwXWPzr8MGr75fUZPV67FdtMHlHA=="],

    "@esbuild/win32-arm64": ["@esbuild/win32-arm64@0.27.0", "", { "os": "win32", "cpu": "arm64" }, "sha512-W1eyGNi6d+8kOmZIwi/EDjrL9nxQIQ0MiGqe/AWc6+IaHloxHSGoeRgDRKHFISThLmsewZ5nHFvGFWdBYlgKPg=="],

    "@esbuild/win32-ia32": ["@esbuild/win32-ia32@0.27.0", "", { "os": "win32", "cpu": "ia32" }, "sha512-30z1aKL9h22kQhilnYkORFYt+3wp7yZsHWus+wSKAJR8JtdfI76LJ4SBdMsCopTR3z/ORqVu5L1vtnHZWVj4cQ=="],

    "@esbuild/win32-x64": ["@esbuild/win32-x64@0.27.0", "", { "os": "win32", "cpu": "x64" }, "sha512-aIitBcjQeyOhMTImhLZmtxfdOcuNRpwlPNmlFKPcHQYPhEssw75Cl1TSXJXpMkzaua9FUetx/4OQKq7eJul5Cg=="],

    "@oslojs/asn1": ["@oslojs/asn1@1.0.0", "", { "dependencies": { "@oslojs/binary": "1.0.0" } }, "sha512-zw/wn0sj0j0QKbIXfIlnEcTviaCzYOY3V5rAyjR6YtOByFtJiT574+8p9Wlach0lZH9fddD4yb9laEAIl4vXQA=="],

    "@oslojs/binary": ["@oslojs/binary@1.0.0", "", {}, "sha512-9RCU6OwXU6p67H4NODbuxv2S3eenuQ4/WFLrsq+K/k682xrznH5EVWA7N4VFk9VYVcbFtKqur5YQQZc0ySGhsQ=="],

    "@oslojs/crypto": ["@oslojs/crypto@1.0.1", "", { "dependencies": { "@oslojs/asn1": "1.0.0", "@oslojs/binary": "1.0.0" } }, "sha512-7n08G8nWjAr/Yu3vu9zzrd0L9XnrJfpMioQcvCMxBIiF5orECHe5/3J0jmXRVvgfqMm/+4oxlQ+Sq39COYLcNQ=="],

    "@oslojs/encoding": ["@oslojs/encoding@1.1.0", "", {}, "sha512-70wQhgYmndg4GCPxPPxPGevRKqTIJ2Nh4OkiMWmDAVYsTQ+Ta7Sq+rPevXyXGdzr30/qZBnyOalCszoMxlyldQ=="],

    "@panva/hkdf": ["@panva/hkdf@1.2.1", "", {}, "sha512-6oclG6Y3PiDFcoyk8srjLfVKyMfVCKJ27JwNPViuXziFpmdz+MZnZN/aKY0JGXgYuO/VghU0jcOAZgWXZ1Dmrw=="],

    "@types/bun": ["@types/bun@1.3.9", "", { "dependencies": { "bun-types": "1.3.9" } }, "sha512-KQ571yULOdWJiMH+RIWIOZ7B2RXQGpL1YQrBtLIV3FqDcCu6FsbFUBwhdKUlCKUpS3PJDsHlJ1QKlpxoVR+xtw=="],

    "@types/node": ["@types/node@25.2.3", "", { "dependencies": { "undici-types": "~7.16.0" } }, "sha512-m0jEgYlYz+mDJZ2+F4v8D1AyQb+QzsNqRuI7xg1VQX/KlKS0qT9r1Mo16yo5F/MtifXFgaofIFsdFMox2SxIbQ=="],

    "bun-types": ["bun-types@1.3.9", "", { "dependencies": { "@types/node": "*" } }, "sha512-+UBWWOakIP4Tswh0Bt0QD0alpTY8cb5hvgiYeWCMet9YukHbzuruIEeXC2D7nMJPB12kbh8C7XJykSexEqGKJg=="],

    "convex": ["convex@1.31.7", "", { "dependencies": { "esbuild": "0.27.0", "prettier": "^3.0.0" }, "peerDependencies": { "@auth0/auth0-react": "^2.0.1", "@clerk/clerk-react": "^4.12.8 || ^5.0.0", "react": "^18.0.0 || ^19.0.0-0 || ^19.0.0" }, "optionalPeers": ["@auth0/auth0-react", "@clerk/clerk-react", "react"], "bin": { "convex": "bin/main.js" } }, "sha512-PtNMe1mAIOvA8Yz100QTOaIdgt2rIuWqencVXrb4McdhxBHZ8IJ1eXTnrgCC9HydyilGT1pOn+KNqT14mqn9fQ=="],

    "cookie": ["cookie@1.1.1", "", {}, "sha512-ei8Aos7ja0weRpFzJnEA9UHJ/7XQmqglbRwnf2ATjcB9Wq874VKH9kfjjirM6UhU2/E5fFYadylyhFldcqSidQ=="],

    "esbuild": ["esbuild@0.27.0", "", { "optionalDependencies": { "@esbuild/aix-ppc64": "0.27.0", "@esbuild/android-arm": "0.27.0", "@esbuild/android-arm64": "0.27.0", "@esbuild/android-x64": "0.27.0", "@esbuild/darwin-arm64": "0.27.0", "@esbuild/darwin-x64": "0.27.0", "@esbuild/freebsd-arm64": "0.27.0", "@esbuild/freebsd-x64": "0.27.0", "@esbuild/linux-arm": "0.27.0", "@esbuild/linux-arm64": "0.27.0", "@esbuild/linux-ia32": "0.27.0", "@esbuild/linux-loong64": "0.27.0", "@esbuild/linux-mips64el": "0.27.0", "@esbuild/linux-ppc64": "0.27.0", "@esbuild/linux-riscv64": "0.27.0", "@esbuild/linux-s390x": "0.27.0", "@esbuild/linux-x64": "0.27.0", "@esbuild/netbsd-arm64": "0.27.0", "@esbuild/netbsd-x64": "0.27.0", "@esbuild/openbsd-arm64": "0.27.0", "@esbuild/openbsd-x64": "0.27.0", "@esbuild/openharmony-arm64": "0.27.0", "@esbuild/sunos-x64": "0.27.0", "@esbuild/win32-arm64": "0.27.0", "@esbuild/win32-ia32": "0.27.0", "@esbuild/win32-x64": "0.27.0" }, "bin": { "esbuild": "bin/esbuild" } }, "sha512-jd0f4NHbD6cALCyGElNpGAOtWxSq46l9X/sWB0Nzd5er4Kz2YTm+Vl0qKFT9KUJvD8+fiO8AvoHhFvEatfVixA=="],

    "is-network-error": ["is-network-error@1.3.0", "", {}, "sha512-6oIwpsgRfnDiyEDLMay/GqCl3HoAtH5+RUKW29gYkL0QA+ipzpDLA16yQs7/RHCSu+BwgbJaOUqa4A99qNVQVw=="],

    "jose": ["jose@5.10.0", "", {}, "sha512-s+3Al/p9g32Iq+oqXxkW//7jk2Vig6FF1CFqzVXoTUXt2qz89YWbL+OwS17NFYEvxC35n0FKeGO2LGYSxeM2Gg=="],

    "jwt-decode": ["jwt-decode@4.0.0", "", {}, "sha512-+KJGIyHgkGuIq3IEBNftfhW/LfWhXUIY6OmyVWjliu5KH1y0fw7VQ8YndE2O4qZdMSd9SqbnC8GOcZEy0Om7sA=="],

    "lucia": ["lucia@3.2.2", "", { "dependencies": { "@oslojs/crypto": "^1.0.1", "@oslojs/encoding": "^1.1.0" } }, "sha512-P1FlFBGCMPMXu+EGdVD9W4Mjm0DqsusmKgO7Xc33mI5X1bklmsQb0hfzPhXomQr9waWIBDsiOjvr1e6BTaUqpA=="],

    "oauth4webapi": ["oauth4webapi@3.8.4", "", {}, "sha512-EKlVEgav8zH31IXxvhCqjEgQws6S9QmnmJyLXmeV5REf59g7VmqRVa5l/rhGWtUqGm2rLVTNwukn9hla5kJ2WQ=="],

    "path-to-regexp": ["path-to-regexp@6.3.0", "", {}, "sha512-Yhpw4T9C6hPpgPeA28us07OJeqZ5EzQTkbfwuhsUg0c237RomFoETJgmp2sa3F/41gfLE6G5cqcYwznmeEeOlQ=="],

    "preact": ["preact@10.24.3", "", {}, "sha512-Z2dPnBnMUfyQfSQ+GBdsGa16hz35YmLmtTLhM169uW944hYL6xzTYkJjC07j+Wosz733pMWx0fgON3JNw1jJQA=="],

    "preact-render-to-string": ["preact-render-to-string@6.5.11", "", { "peerDependencies": { "preact": ">=10" } }, "sha512-ubnauqoGczeGISiOh6RjX0/cdaF8v/oDXIjO85XALCQjwQP+SB4RDXXtvZ6yTYSjG+PC1QRP2AhPgCEsM2EvUw=="],

    "prettier": ["prettier@3.8.1", "", { "bin": { "prettier": "bin/prettier.cjs" } }, "sha512-UOnG6LftzbdaHZcKoPFtOcCKztrQ57WkHDeRD9t/PTQtmT0NHSeWWepj6pS0z/N7+08BHFDQVUrfmfMRcZwbMg=="],

    "server-only": ["server-only@0.0.1", "", {}, "sha512-qepMx2JxAa5jjfzxG79yPPq+8BuFToHd1hm7kI+Z4zAq1ftQiP7HcxMhDDItrbtwVeLg/cY2JnKnrcFkmiswNA=="],

    "typescript": ["typescript@5.9.3", "", { "bin": { "tsc": "bin/tsc", "tsserver": "bin/tsserver" } }, "sha512-jl1vZzPDinLr9eUt3J/t7V6FgNEw9QjvBPdysz9KfQDD41fQrC2Y4vKQdiaUpFT4bXlb1RHhLpp8wtm6M5TgSw=="],

    "undici-types": ["undici-types@7.16.0", "", {}, "sha512-Zz+aZWSj8LE6zoxD+xrjh4VfkIG8Ya6LvYkZqtUQGJPZjYl53ypCaUwWqo7eI0x66KBGeRo+mlBEkMSeSZ38Nw=="],
  }
}
